// !$*UTF8*$!
{
	archiveVersion = 1;
	classes = {
	};
	objectVersion = 55;
	objects = {

/* Begin PBXBuildFile section */
		8308C87D276A627B00D526A8 /* AppDelegate.swift in Sources */ = {isa = PBXBuildFile; fileRef = 8308C87C276A627B00D526A8 /* AppDelegate.swift */; };
		8308C881276A627B00D526A8 /* Main.html in Resources */ = {isa = PBXBuildFile; fileRef = 8308C87F276A627B00D526A8 /* Main.html */; };
		8308C883276A627B00D526A8 /* Icon.png in Resources */ = {isa = PBXBuildFile; fileRef = 8308C882276A627B00D526A8 /* Icon.png */; };
		8308C885276A627B00D526A8 /* Style.css in Resources */ = {isa = PBXBuildFile; fileRef = 8308C884276A627B00D526A8 /* Style.css */; };
		8308C887276A627B00D526A8 /* Script.js in Resources */ = {isa = PBXBuildFile; fileRef = 8308C886276A627B00D526A8 /* Script.js */; };
		8308C889276A627B00D526A8 /* ViewController.swift in Sources */ = {isa = PBXBuildFile; fileRef = 8308C888276A627B00D526A8 /* ViewController.swift */; };
		8308C88C276A627B00D526A8 /* Main.storyboard in Resources */ = {isa = PBXBuildFile; fileRef = 8308C88A276A627B00D526A8 /* Main.storyboard */; };
		8308C88E276A627D00D526A8 /* Assets.xcassets in Resources */ = {isa = PBXBuildFile; fileRef = 8308C88D276A627D00D526A8 /* Assets.xcassets */; };
		8308C896276A627D00D526A8 /* unit-converter Extension.appex in Embed App Extensions */ = {isa = PBXBuildFile; fileRef = 8308C895276A627D00D526A8 /* unit-converter Extension.appex */; settings = {ATTRIBUTES = (RemoveHeadersOnCopy, ); }; };
		8308C89B276A627D00D526A8 /* SafariWebExtensionHandler.swift in Sources */ = {isa = PBXBuildFile; fileRef = 8308C89A276A627D00D526A8 /* SafariWebExtensionHandler.swift */; };
		8308C89E276A627D00D526A8 /* _locales in Resources */ = {isa = PBXBuildFile; fileRef = 8308C89D276A627D00D526A8 /* _locales */; };
		8308C8A0276A627D00D526A8 /* images in Resources */ = {isa = PBXBuildFile; fileRef = 8308C89F276A627D00D526A8 /* images */; };
		8308C8A2276A627D00D526A8 /* manifest.json in Resources */ = {isa = PBXBuildFile; fileRef = 8308C8A1276A627D00D526A8 /* manifest.json */; };
		8308C8A4276A627D00D526A8 /* background.js in Resources */ = {isa = PBXBuildFile; fileRef = 8308C8A3276A627D00D526A8 /* background.js */; };
		8308C8A6276A627D00D526A8 /* content.js in Resources */ = {isa = PBXBuildFile; fileRef = 8308C8A5276A627D00D526A8 /* content.js */; };
		8308C8A8276A627D00D526A8 /* popup.html in Resources */ = {isa = PBXBuildFile; fileRef = 8308C8A7276A627D00D526A8 /* popup.html */; };
		8308C8AA276A627D00D526A8 /* popup.css in Resources */ = {isa = PBXBuildFile; fileRef = 8308C8A9276A627D00D526A8 /* popup.css */; };
		8308C8AC276A627D00D526A8 /* popup.js in Resources */ = {isa = PBXBuildFile; fileRef = 8308C8AB276A627D00D526A8 /* popup.js */; };
/* End PBXBuildFile section */

/* Begin PBXContainerItemProxy section */
		8308C897276A627D00D526A8 /* PBXContainerItemProxy */ = {
			isa = PBXContainerItemProxy;
			containerPortal = 8308C871276A627B00D526A8 /* Project object */;
			proxyType = 1;
			remoteGlobalIDString = 8308C894276A627D00D526A8;
			remoteInfo = "unit-converter Extension";
		};
/* End PBXContainerItemProxy section */

/* Begin PBXCopyFilesBuildPhase section */
		8308C8B4276A627D00D526A8 /* Embed App Extensions */ = {
			isa = PBXCopyFilesBuildPhase;
			buildActionMask = 2147483647;
			dstPath = "";
			dstSubfolderSpec = 13;
			files = (
				8308C896276A627D00D526A8 /* unit-converter Extension.appex in Embed App Extensions */,
			);
			name = "Embed App Extensions";
			runOnlyForDeploymentPostprocessing = 0;
		};
/* End PBXCopyFilesBuildPhase section */

/* Begin PBXFileReference section */
		8308C879276A627B00D526A8 /* unit-converter.app */ = {isa = PBXFileReference; explicitFileType = wrapper.application; includeInIndex = 0; path = "unit-converter.app"; sourceTree = BUILT_PRODUCTS_DIR; };
		8308C87C276A627B00D526A8 /* AppDelegate.swift */ = {isa = PBXFileReference; lastKnownFileType = sourcecode.swift; path = AppDelegate.swift; sourceTree = "<group>"; };
		8308C880276A627B00D526A8 /* Base */ = {isa = PBXFileReference; lastKnownFileType = text.html; name = Base; path = ../Base.lproj/Main.html; sourceTree = "<group>"; };
		8308C882276A627B00D526A8 /* Icon.png */ = {isa = PBXFileReference; lastKnownFileType = image.png; path = Icon.png; sourceTree = "<group>"; };
		8308C884276A627B00D526A8 /* Style.css */ = {isa = PBXFileReference; lastKnownFileType = text.css; path = Style.css; sourceTree = "<group>"; };
		8308C886276A627B00D526A8 /* Script.js */ = {isa = PBXFileReference; lastKnownFileType = sourcecode.javascript; path = Script.js; sourceTree = "<group>"; };
		8308C888276A627B00D526A8 /* ViewController.swift */ = {isa = PBXFileReference; lastKnownFileType = sourcecode.swift; path = ViewController.swift; sourceTree = "<group>"; };
		8308C88B276A627B00D526A8 /* Base */ = {isa = PBXFileReference; lastKnownFileType = file.storyboard; name = Base; path = Base.lproj/Main.storyboard; sourceTree = "<group>"; };
		8308C88D276A627D00D526A8 /* Assets.xcassets */ = {isa = PBXFileReference; lastKnownFileType = folder.assetcatalog; path = Assets.xcassets; sourceTree = "<group>"; };
		8308C88F276A627D00D526A8 /* unit_converter.entitlements */ = {isa = PBXFileReference; lastKnownFileType = text.plist.entitlements; path = unit_converter.entitlements; sourceTree = "<group>"; };
		8308C890276A627D00D526A8 /* unit-converter.entitlements */ = {isa = PBXFileReference; lastKnownFileType = text.plist.entitlements; path = "unit-converter.entitlements"; sourceTree = "<group>"; };
		8308C895276A627D00D526A8 /* unit-converter Extension.appex */ = {isa = PBXFileReference; explicitFileType = "wrapper.app-extension"; includeInIndex = 0; path = "unit-converter Extension.appex"; sourceTree = BUILT_PRODUCTS_DIR; };
		8308C89A276A627D00D526A8 /* SafariWebExtensionHandler.swift */ = {isa = PBXFileReference; lastKnownFileType = sourcecode.swift; path = SafariWebExtensionHandler.swift; sourceTree = "<group>"; };
		8308C89D276A627D00D526A8 /* _locales */ = {isa = PBXFileReference; lastKnownFileType = folder; path = _locales; sourceTree = "<group>"; };
		8308C89F276A627D00D526A8 /* images */ = {isa = PBXFileReference; lastKnownFileType = folder; path = images; sourceTree = "<group>"; };
		8308C8A1276A627D00D526A8 /* manifest.json */ = {isa = PBXFileReference; lastKnownFileType = text.json; path = manifest.json; sourceTree = "<group>"; };
		8308C8A3276A627D00D526A8 /* background.js */ = {isa = PBXFileReference; lastKnownFileType = sourcecode.javascript; path = background.js; sourceTree = "<group>"; };
		8308C8A5276A627D00D526A8 /* content.js */ = {isa = PBXFileReference; lastKnownFileType = sourcecode.javascript; path = content.js; sourceTree = "<group>"; };
		8308C8A7276A627D00D526A8 /* popup.html */ = {isa = PBXFileReference; lastKnownFileType = text.html; path = popup.html; sourceTree = "<group>"; };
		8308C8A9276A627D00D526A8 /* popup.css */ = {isa = PBXFileReference; lastKnownFileType = text.css; path = popup.css; sourceTree = "<group>"; };
		8308C8AB276A627D00D526A8 /* popup.js */ = {isa = PBXFileReference; lastKnownFileType = sourcecode.javascript; path = popup.js; sourceTree = "<group>"; };
		8308C8AD276A627D00D526A8 /* Info.plist */ = {isa = PBXFileReference; lastKnownFileType = text.plist.xml; path = Info.plist; sourceTree = "<group>"; };
		8308C8AE276A627D00D526A8 /* unit_converter_Extension.entitlements */ = {isa = PBXFileReference; lastKnownFileType = text.plist.entitlements; path = unit_converter_Extension.entitlements; sourceTree = "<group>"; };
/* End PBXFileReference section */

/* Begin PBXFrameworksBuildPhase section */
		8308C876276A627B00D526A8 /* Frameworks */ = {
			isa = PBXFrameworksBuildPhase;
			buildActionMask = 2147483647;
			files = (
			);
			runOnlyForDeploymentPostprocessing = 0;
		};
		8308C892276A627D00D526A8 /* Frameworks */ = {
			isa = PBXFrameworksBuildPhase;
			buildActionMask = 2147483647;
			files = (
			);
			runOnlyForDeploymentPostprocessing = 0;
		};
/* End PBXFrameworksBuildPhase section */

/* Begin PBXGroup section */
		8308C870276A627B00D526A8 = {
			isa = PBXGroup;
			children = (
				8308C87B276A627B00D526A8 /* unit-converter */,
				8308C899276A627D00D526A8 /* unit-converter Extension */,
				8308C87A276A627B00D526A8 /* Products */,
			);
			sourceTree = "<group>";
		};
		8308C87A276A627B00D526A8 /* Products */ = {
			isa = PBXGroup;
			children = (
				8308C879276A627B00D526A8 /* unit-converter.app */,
				8308C895276A627D00D526A8 /* unit-converter Extension.appex */,
			);
			name = Products;
			sourceTree = "<group>";
		};
		8308C87B276A627B00D526A8 /* unit-converter */ = {
			isa = PBXGroup;
			children = (
				8308C87C276A627B00D526A8 /* AppDelegate.swift */,
				8308C888276A627B00D526A8 /* ViewController.swift */,
				8308C88A276A627B00D526A8 /* Main.storyboard */,
				8308C88D276A627D00D526A8 /* Assets.xcassets */,
				8308C88F276A627D00D526A8 /* unit_converter.entitlements */,
				8308C890276A627D00D526A8 /* unit-converter.entitlements */,
				8308C87E276A627B00D526A8 /* Resources */,
			);
			path = "unit-converter";
			sourceTree = "<group>";
		};
		8308C87E276A627B00D526A8 /* Resources */ = {
			isa = PBXGroup;
			children = (
				8308C87F276A627B00D526A8 /* Main.html */,
				8308C882276A627B00D526A8 /* Icon.png */,
				8308C884276A627B00D526A8 /* Style.css */,
				8308C886276A627B00D526A8 /* Script.js */,
			);
			path = Resources;
			sourceTree = "<group>";
		};
		8308C899276A627D00D526A8 /* unit-converter Extension */ = {
			isa = PBXGroup;
			children = (
				8308C89A276A627D00D526A8 /* SafariWebExtensionHandler.swift */,
				8308C8AD276A627D00D526A8 /* Info.plist */,
				8308C8AE276A627D00D526A8 /* unit_converter_Extension.entitlements */,
				8308C89C276A627D00D526A8 /* Resources */,
			);
			path = "unit-converter Extension";
			sourceTree = "<group>";
		};
		8308C89C276A627D00D526A8 /* Resources */ = {
			isa = PBXGroup;
			children = (
				8308C89D276A627D00D526A8 /* _locales */,
				8308C89F276A627D00D526A8 /* images */,
				8308C8A1276A627D00D526A8 /* manifest.json */,
				8308C8A3276A627D00D526A8 /* background.js */,
				8308C8A5276A627D00D526A8 /* content.js */,
				8308C8A7276A627D00D526A8 /* popup.html */,
				8308C8A9276A627D00D526A8 /* popup.css */,
				8308C8AB276A627D00D526A8 /* popup.js */,
			);
			path = Resources;
			sourceTree = "<group>";
		};
/* End PBXGroup section */

/* Begin PBXNativeTarget section */
		8308C878276A627B00D526A8 /* unit-converter */ = {
			isa = PBXNativeTarget;
			buildConfigurationList = 8308C8B5276A627D00D526A8 /* Build configuration list for PBXNativeTarget "unit-converter" */;
			buildPhases = (
				8308C875276A627B00D526A8 /* Sources */,
				8308C876276A627B00D526A8 /* Frameworks */,
				8308C877276A627B00D526A8 /* Resources */,
				8308C8B4276A627D00D526A8 /* Embed App Extensions */,
			);
			buildRules = (
			);
			dependencies = (
				8308C898276A627D00D526A8 /* PBXTargetDependency */,
			);
			name = "unit-converter";
			productName = "unit-converter";
			productReference = 8308C879276A627B00D526A8 /* unit-converter.app */;
			productType = "com.apple.product-type.application";
		};
		8308C894276A627D00D526A8 /* unit-converter Extension */ = {
			isa = PBXNativeTarget;
			buildConfigurationList = 8308C8B1276A627D00D526A8 /* Build configuration list for PBXNativeTarget "unit-converter Extension" */;
			buildPhases = (
				8308C891276A627D00D526A8 /* Sources */,
				8308C892276A627D00D526A8 /* Frameworks */,
				8308C893276A627D00D526A8 /* Resources */,
			);
			buildRules = (
			);
			dependencies = (
			);
			name = "unit-converter Extension";
			productName = "unit-converter Extension";
			productReference = 8308C895276A627D00D526A8 /* unit-converter Extension.appex */;
			productType = "com.apple.product-type.app-extension";
		};
/* End PBXNativeTarget section */

/* Begin PBXProject section */
		8308C871276A627B00D526A8 /* Project object */ = {
			isa = PBXProject;
			attributes = {
				BuildIndependentTargetsInParallel = 1;
				LastSwiftUpdateCheck = 1320;
				LastUpgradeCheck = 1320;
				TargetAttributes = {
					8308C878276A627B00D526A8 = {
						CreatedOnToolsVersion = 13.2;
					};
					8308C894276A627D00D526A8 = {
						CreatedOnToolsVersion = 13.2;
					};
				};
			};
			buildConfigurationList = 8308C874276A627B00D526A8 /* Build configuration list for PBXProject "unit-converter" */;
			compatibilityVersion = "Xcode 13.0";
			developmentRegion = en;
			hasScannedForEncodings = 0;
			knownRegions = (
				en,
				Base,
			);
			mainGroup = 8308C870276A627B00D526A8;
			productRefGroup = 8308C87A276A627B00D526A8 /* Products */;
			projectDirPath = "";
			projectRoot = "";
			targets = (
				8308C878276A627B00D526A8 /* unit-converter */,
				8308C894276A627D00D526A8 /* unit-converter Extension */,
			);
		};
/* End PBXProject section */

/* Begin PBXResourcesBuildPhase section */
		8308C877276A627B00D526A8 /* Resources */ = {
			isa = PBXResourcesBuildPhase;
			buildActionMask = 2147483647;
			files = (
				8308C883276A627B00D526A8 /* Icon.png in Resources */,
				8308C88C276A627B00D526A8 /* Main.storyboard in Resources */,
				8308C887276A627B00D526A8 /* Script.js in Resources */,
				8308C881276A627B00D526A8 /* Main.html in Resources */,
				8308C88E276A627D00D526A8 /* Assets.xcassets in Resources */,
				8308C885276A627B00D526A8 /* Style.css in Resources */,
			);
			runOnlyForDeploymentPostprocessing = 0;
		};
		8308C893276A627D00D526A8 /* Resources */ = {
			isa = PBXResourcesBuildPhase;
			buildActionMask = 2147483647;
			files = (
				8308C8A4276A627D00D526A8 /* background.js in Resources */,
				8308C8AA276A627D00D526A8 /* popup.css in Resources */,
				8308C8A8276A627D00D526A8 /* popup.html in Resources */,
				8308C8A0276A627D00D526A8 /* images in Resources */,
				8308C8A2276A627D00D526A8 /* manifest.json in Resources */,
				8308C89E276A627D00D526A8 /* _locales in Resources */,
				8308C8A6276A627D00D526A8 /* content.js in Resources */,
				8308C8AC276A627D00D526A8 /* popup.js in Resources */,
			);
			runOnlyForDeploymentPostprocessing = 0;
		};
/* End PBXResourcesBuildPhase section */

/* Begin PBXSourcesBuildPhase section */
		8308C875276A627B00D526A8 /* Sources */ = {
			isa = PBXSourcesBuildPhase;
			buildActionMask = 2147483647;
			files = (
				8308C889276A627B00D526A8 /* ViewController.swift in Sources */,
				8308C87D276A627B00D526A8 /* AppDelegate.swift in Sources */,
			);
			runOnlyForDeploymentPostprocessing = 0;
		};
		8308C891276A627D00D526A8 /* Sources */ = {
			isa = PBXSourcesBuildPhase;
			buildActionMask = 2147483647;
			files = (
				8308C89B276A627D00D526A8 /* SafariWebExtensionHandler.swift in Sources */,
			);
			runOnlyForDeploymentPostprocessing = 0;
		};
/* End PBXSourcesBuildPhase section */

/* Begin PBXTargetDependency section */
		8308C898276A627D00D526A8 /* PBXTargetDependency */ = {
			isa = PBXTargetDependency;
			target = 8308C894276A627D00D526A8 /* unit-converter Extension */;
			targetProxy = 8308C897276A627D00D526A8 /* PBXContainerItemProxy */;
		};
/* End PBXTargetDependency section */

/* Begin PBXVariantGroup section */
		8308C87F276A627B00D526A8 /* Main.html */ = {
			isa = PBXVariantGroup;
			children = (
				8308C880276A627B00D526A8 /* Base */,
			);
			name = Main.html;
			sourceTree = "<group>";
		};
		8308C88A276A627B00D526A8 /* Main.storyboard */ = {
			isa = PBXVariantGroup;
			children = (
				8308C88B276A627B00D526A8 /* Base */,
			);
			name = Main.storyboard;
			sourceTree = "<group>";
		};
/* End PBXVariantGroup section */

/* Begin XCBuildConfiguration section */
		8308C8AF276A627D00D526A8 /* Debug */ = {
			isa = XCBuildConfiguration;
			buildSettings = {
				ALWAYS_SEARCH_USER_PATHS = NO;
				CLANG_ANALYZER_NONNULL = YES;
				CLANG_ANALYZER_NUMBER_OBJECT_CONVERSION = YES_AGGRESSIVE;
				CLANG_CXX_LANGUAGE_STANDARD = "gnu++17";
				CLANG_CXX_LIBRARY = "libc++";
				CLANG_ENABLE_MODULES = YES;
				CLANG_ENABLE_OBJC_ARC = YES;
				CLANG_ENABLE_OBJC_WEAK = YES;
				CLANG_WARN_BLOCK_CAPTURE_AUTORELEASING = YES;
				CLANG_WARN_BOOL_CONVERSION = YES;
				CLANG_WARN_COMMA = YES;
				CLANG_WARN_CONSTANT_CONVERSION = YES;
				CLANG_WARN_DEPRECATED_OBJC_IMPLEMENTATIONS = YES;
				CLANG_WARN_DIRECT_OBJC_ISA_USAGE = YES_ERROR;
				CLANG_WARN_DOCUMENTATION_COMMENTS = YES;
				CLANG_WARN_EMPTY_BODY = YES;
				CLANG_WARN_ENUM_CONVERSION = YES;
				CLANG_WARN_INFINITE_RECURSION = YES;
				CLANG_WARN_INT_CONVERSION = YES;
				CLANG_WARN_NON_LITERAL_NULL_CONVERSION = YES;
				CLANG_WARN_OBJC_IMPLICIT_RETAIN_SELF = YES;
				CLANG_WARN_OBJC_LITERAL_CONVERSION = YES;
				CLANG_WARN_OBJC_ROOT_CLASS = YES_ERROR;
				CLANG_WARN_QUOTED_INCLUDE_IN_FRAMEWORK_HEADER = YES;
				CLANG_WARN_RANGE_LOOP_ANALYSIS = YES;
				CLANG_WARN_STRICT_PROTOTYPES = YES;
				CLANG_WARN_SUSPICIOUS_MOVE = YES;
				CLANG_WARN_UNGUARDED_AVAILABILITY = YES_AGGRESSIVE;
				CLANG_WARN_UNREACHABLE_CODE = YES;
				CLANG_WARN__DUPLICATE_METHOD_MATCH = YES;
				COPY_PHASE_STRIP = NO;
				DEBUG_INFORMATION_FORMAT = dwarf;
				ENABLE_STRICT_OBJC_MSGSEND = YES;
				ENABLE_TESTABILITY = YES;
				GCC_C_LANGUAGE_STANDARD = gnu11;
				GCC_DYNAMIC_NO_PIC = NO;
				GCC_NO_COMMON_BLOCKS = YES;
				GCC_OPTIMIZATION_LEVEL = 0;
				GCC_PREPROCESSOR_DEFINITIONS = (
					"DEBUG=1",
					"$(inherited)",
				);
				GCC_WARN_64_TO_32_BIT_CONVERSION = YES;
				GCC_WARN_ABOUT_RETURN_TYPE = YES_ERROR;
				GCC_WARN_UNDECLARED_SELECTOR = YES;
				GCC_WARN_UNINITIALIZED_AUTOS = YES_AGGRESSIVE;
				GCC_WARN_UNUSED_FUNCTION = YES;
				GCC_WARN_UNUSED_VARIABLE = YES;
				MACOSX_DEPLOYMENT_TARGET = 12.0;
				MTL_ENABLE_DEBUG_INFO = INCLUDE_SOURCE;
				MTL_FAST_MATH = YES;
				ONLY_ACTIVE_ARCH = YES;
				SDKROOT = macosx;
				SWIFT_ACTIVE_COMPILATION_CONDITIONS = DEBUG;
				SWIFT_OPTIMIZATION_LEVEL = "-Onone";
			};
			name = Debug;
		};
		8308C8B0276A627D00D526A8 /* Release */ = {
			isa = XCBuildConfiguration;
			buildSettings = {
				ALWAYS_SEARCH_USER_PATHS = NO;
				CLANG_ANALYZER_NONNULL = YES;
				CLANG_ANALYZER_NUMBER_OBJECT_CONVERSION = YES_AGGRESSIVE;
				CLANG_CXX_LANGUAGE_STANDARD = "gnu++17";
				CLANG_CXX_LIBRARY = "libc++";
				CLANG_ENABLE_MODULES = YES;
				CLANG_ENABLE_OBJC_ARC = YES;
				CLANG_ENABLE_OBJC_WEAK = YES;
				CLANG_WARN_BLOCK_CAPTURE_AUTORELEASING = YES;
				CLANG_WARN_BOOL_CONVERSION = YES;
				CLANG_WARN_COMMA = YES;
				CLANG_WARN_CONSTANT_CONVERSION = YES;
				CLANG_WARN_DEPRECATED_OBJC_IMPLEMENTATIONS = YES;
				CLANG_WARN_DIRECT_OBJC_ISA_USAGE = YES_ERROR;
				CLANG_WARN_DOCUMENTATION_COMMENTS = YES;
				CLANG_WARN_EMPTY_BODY = YES;
				CLANG_WARN_ENUM_CONVERSION = YES;
				CLANG_WARN_INFINITE_RECURSION = YES;
				CLANG_WARN_INT_CONVERSION = YES;
				CLANG_WARN_NON_LITERAL_NULL_CONVERSION = YES;
				CLANG_WARN_OBJC_IMPLICIT_RETAIN_SELF = YES;
				CLANG_WARN_OBJC_LITERAL_CONVERSION = YES;
				CLANG_WARN_OBJC_ROOT_CLASS = YES_ERROR;
				CLANG_WARN_QUOTED_INCLUDE_IN_FRAMEWORK_HEADER = YES;
				CLANG_WARN_RANGE_LOOP_ANALYSIS = YES;
				CLANG_WARN_STRICT_PROTOTYPES = YES;
				CLANG_WARN_SUSPICIOUS_MOVE = YES;
				CLANG_WARN_UNGUARDED_AVAILABILITY = YES_AGGRESSIVE;
				CLANG_WARN_UNREACHABLE_CODE = YES;
				CLANG_WARN__DUPLICATE_METHOD_MATCH = YES;
				COPY_PHASE_STRIP = NO;
				DEBUG_INFORMATION_FORMAT = "dwarf-with-dsym";
				ENABLE_NS_ASSERTIONS = NO;
				ENABLE_STRICT_OBJC_MSGSEND = YES;
				GCC_C_LANGUAGE_STANDARD = gnu11;
				GCC_NO_COMMON_BLOCKS = YES;
				GCC_WARN_64_TO_32_BIT_CONVERSION = YES;
				GCC_WARN_ABOUT_RETURN_TYPE = YES_ERROR;
				GCC_WARN_UNDECLARED_SELECTOR = YES;
				GCC_WARN_UNINITIALIZED_AUTOS = YES_AGGRESSIVE;
				GCC_WARN_UNUSED_FUNCTION = YES;
				GCC_WARN_UNUSED_VARIABLE = YES;
				MACOSX_DEPLOYMENT_TARGET = 12.0;
				MTL_ENABLE_DEBUG_INFO = NO;
				MTL_FAST_MATH = YES;
				SDKROOT = macosx;
				SWIFT_COMPILATION_MODE = wholemodule;
				SWIFT_OPTIMIZATION_LEVEL = "-O";
			};
			name = Release;
		};
		8308C8B2276A627D00D526A8 /* Debug */ = {
			isa = XCBuildConfiguration;
			buildSettings = {
				CODE_SIGN_ENTITLEMENTS = "unit-converter Extension/unit_converter_Extension.entitlements";
				CODE_SIGN_STYLE = Automatic;
				CURRENT_PROJECT_VERSION = 1;
				DEVELOPMENT_TEAM = TFS32QM4X2;
				ENABLE_HARDENED_RUNTIME = YES;
				GENERATE_INFOPLIST_FILE = YES;
				INFOPLIST_FILE = "unit-converter Extension/Info.plist";
				INFOPLIST_KEY_CFBundleDisplayName = "unit-converter Extension";
				INFOPLIST_KEY_NSHumanReadableCopyright = "";
				LD_RUNPATH_SEARCH_PATHS = (
					"$(inherited)",
					"@executable_path/../Frameworks",
					"@executable_path/../../../../Frameworks",
				);
				MACOSX_DEPLOYMENT_TARGET = 10.14;
				MARKETING_VERSION = 1.0;
				OTHER_LDFLAGS = (
					"-framework",
					SafariServices,
				);
				PRODUCT_BUNDLE_IDENTIFIER = "com.adamashapps.unit-converter.Extension";
				PRODUCT_NAME = "$(TARGET_NAME)";
				SKIP_INSTALL = YES;
				SWIFT_EMIT_LOC_STRINGS = YES;
				SWIFT_VERSION = 5.0;
			};
			name = Debug;
		};
		8308C8B3276A627D00D526A8 /* Release */ = {
			isa = XCBuildConfiguration;
			buildSettings = {
				CODE_SIGN_ENTITLEMENTS = "unit-converter Extension/unit_converter_Extension.entitlements";
				CODE_SIGN_STYLE = Automatic;
				CURRENT_PROJECT_VERSION = 1;
				DEVELOPMENT_TEAM = TFS32QM4X2;
				ENABLE_HARDENED_RUNTIME = YES;
				GENERATE_INFOPLIST_FILE = YES;
				INFOPLIST_FILE = "unit-converter Extension/Info.plist";
				INFOPLIST_KEY_CFBundleDisplayName = "unit-converter Extension";
				INFOPLIST_KEY_NSHumanReadableCopyright = "";
				LD_RUNPATH_SEARCH_PATHS = (
					"$(inherited)",
					"@executable_path/../Frameworks",
					"@executable_path/../../../../Frameworks",
				);
				MACOSX_DEPLOYMENT_TARGET = 10.14;
				MARKETING_VERSION = 1.0;
				OTHER_LDFLAGS = (
					"-framework",
					SafariServices,
				);
				PRODUCT_BUNDLE_IDENTIFIER = "com.adamashapps.unit-converter.Extension";
				PRODUCT_NAME = "$(TARGET_NAME)";
				SKIP_INSTALL = YES;
				SWIFT_EMIT_LOC_STRINGS = YES;
				SWIFT_VERSION = 5.0;
			};
			name = Release;
		};
		8308C8B6276A627D00D526A8 /* Debug */ = {
			isa = XCBuildConfiguration;
			buildSettings = {
				ALWAYS_EMBED_SWIFT_STANDARD_LIBRARIES = YES;
				ASSETCATALOG_COMPILER_APPICON_NAME = AppIcon;
				ASSETCATALOG_COMPILER_GLOBAL_ACCENT_COLOR_NAME = AccentColor;
				CODE_SIGN_ENTITLEMENTS = "unit-converter/unit-converter.entitlements";
				CODE_SIGN_STYLE = Automatic;
				COMBINE_HIDPI_IMAGES = YES;
				CURRENT_PROJECT_VERSION = 1;
				DEVELOPMENT_TEAM = TFS32QM4X2;
				ENABLE_HARDENED_RUNTIME = YES;
				GENERATE_INFOPLIST_FILE = YES;
				INFOPLIST_KEY_CFBundleDisplayName = "unit-converter";
				INFOPLIST_KEY_NSHumanReadableCopyright = "";
				INFOPLIST_KEY_NSMainStoryboardFile = Main;
				INFOPLIST_KEY_NSPrincipalClass = NSApplication;
				LD_RUNPATH_SEARCH_PATHS = (
					"$(inherited)",
					"@executable_path/../Frameworks",
				);
				MACOSX_DEPLOYMENT_TARGET = 10.14;
				MARKETING_VERSION = 1.0;
				OTHER_LDFLAGS = (
					"-framework",
					SafariServices,
					"-framework",
					WebKit,
				);
				PRODUCT_BUNDLE_IDENTIFIER = "com.adamashapps.unit-converter";
				PRODUCT_NAME = "$(TARGET_NAME)";
				SWIFT_EMIT_LOC_STRINGS = YES;
				SWIFT_VERSION = 5.0;
			};
			name = Debug;
		};
		8308C8B7276A627D00D526A8 /* Release */ = {
			isa = XCBuildConfiguration;
			buildSettings = {
				ALWAYS_EMBED_SWIFT_STANDARD_LIBRARIES = YES;
				ASSETCATALOG_COMPILER_APPICON_NAME = AppIcon;
				ASSETCATALOG_COMPILER_GLOBAL_ACCENT_COLOR_NAME = AccentColor;
				CODE_SIGN_ENTITLEMENTS = "unit-converter/unit-converter.entitlements";
				CODE_SIGN_STYLE = Automatic;
				COMBINE_HIDPI_IMAGES = YES;
				CURRENT_PROJECT_VERSION = 1;
				DEVELOPMENT_TEAM = TFS32QM4X2;
				ENABLE_HARDENED_RUNTIME = YES;
				GENERATE_INFOPLIST_FILE = YES;
				INFOPLIST_KEY_CFBundleDisplayName = "unit-converter";
				INFOPLIST_KEY_NSHumanReadableCopyright = "";
				INFOPLIST_KEY_NSMainStoryboardFile = Main;
				INFOPLIST_KEY_NSPrincipalClass = NSApplication;
				LD_RUNPATH_SEARCH_PATHS = (
					"$(inherited)",
					"@executable_path/../Frameworks",
				);
				MACOSX_DEPLOYMENT_TARGET = 10.14;
				MARKETING_VERSION = 1.0;
				OTHER_LDFLAGS = (
					"-framework",
					SafariServices,
					"-framework",
					WebKit,
				);
				PRODUCT_BUNDLE_IDENTIFIER = "com.adamashapps.unit-converter";
				PRODUCT_NAME = "$(TARGET_NAME)";
				SWIFT_EMIT_LOC_STRINGS = YES;
				SWIFT_VERSION = 5.0;
			};
			name = Release;
		};
/* End XCBuildConfiguration section */

/* Begin XCConfigurationList section */
		8308C874276A627B00D526A8 /* Build configuration list for PBXProject "unit-converter" */ = {
			isa = XCConfigurationList;
			buildConfigurations = (
				8308C8AF276A627D00D526A8 /* Debug */,
				8308C8B0276A627D00D526A8 /* Release */,
			);
			defaultConfigurationIsVisible = 0;
			defaultConfigurationName = Release;
		};
		8308C8B1276A627D00D526A8 /* Build configuration list for PBXNativeTarget "unit-converter Extension" */ = {
			isa = XCConfigurationList;
			buildConfigurations = (
				8308C8B2276A627D00D526A8 /* Debug */,
				8308C8B3276A627D00D526A8 /* Release */,
			);
			defaultConfigurationIsVisible = 0;
			defaultConfigurationName = Release;
		};
		8308C8B5276A627D00D526A8 /* Build configuration list for PBXNativeTarget "unit-converter" */ = {
			isa = XCConfigurationList;
			buildConfigurations = (
				8308C8B6276A627D00D526A8 /* Debug */,
				8308C8B7276A627D00D526A8 /* Release */,
			);
			defaultConfigurationIsVisible = 0;
			defaultConfigurationName = Release;
		};
/* End XCConfigurationList section */
	};
	rootObject = 8308C871276A627B00D526A8 /* Project object */;
}
